
Microsoft Visual Studio Solution File, Format Version 12.00
# Visual Studio Version 16
VisualStudioVersion = 16.0.29521.150
MinimumVisualStudioVersion = 10.0.40219.1
Project("{9A19103F-16F7-4668-BE54-9A1E7A4F7556}") = "ESchool.IdentityProvider", "ESchool.IdentityProvider\ESchool.IdentityProvider.csproj", "{EC37685C-16E1-4149-A22D-BD5CF82DE978}"
EndProject
Project("{2150E333-8FDC-42A3-9474-1A3956D46DE8}") = "IdentityProvider", "IdentityProvider", "{031C7FC5-97DD-4F34-8FF1-AE98E529D946}"
EndProject
Project("{2150E333-8FDC-42A3-9474-1A3956D46DE8}") = "ClassRegister", "ClassRegister", "{A74713AA-A270-4EE8-8DF2-3F1307FDA682}"
EndProject
Project("{2150E333-8FDC-42A3-9474-1A3956D46DE8}") = "Testing", "Testing", "{735BAEC4-588E-4F9B-8B24-0B38417474FA}"
EndProject
Project("{9A19103F-16F7-4668-BE54-9A1E7A4F7556}") = "ESchool.IdentityProvider.Domain", "ESchool.IdentityProvider.Domain\ESchool.IdentityProvider.Domain.csproj", "{DD8CE1AD-A40B-4D0B-9B5D-2BEFD0D5DA3B}"
EndProject
Project("{2150E333-8FDC-42A3-9474-1A3956D46DE8}") = "HomeAssignments", "HomeAssignments", "{7CACF9E6-8A45-4203-8A92-12656463F11C}"
EndProject
Project("{2150E333-8FDC-42A3-9474-1A3956D46DE8}") = "Libs", "Libs", "{056B6DD4-71E1-413B-826A-BA246E239256}"
EndProject
Project("{2150E333-8FDC-42A3-9474-1A3956D46DE8}") = "Services", "Services", "{F3D93C43-BA77-49E3-9797-74ABAADCBA8F}"
EndProject
Project("{9A19103F-16F7-4668-BE54-9A1E7A4F7556}") = "ESchool.Libs.Domain", "ESchool.Libs.Domain\ESchool.Libs.Domain.csproj", "{4F9B6893-0CA6-47FC-87CE-3E679C934421}"
EndProject
Project("{9A19103F-16F7-4668-BE54-9A1E7A4F7556}") = "ESchool.Testing.Api", "ESchool.Testing.Api\ESchool.Testing.Api.csproj", "{0F53CFD1-B99E-4C16-BDDC-65C1A15766AC}"
EndProject
Project("{9A19103F-16F7-4668-BE54-9A1E7A4F7556}") = "ESchool.Testing.Domain", "ESchool.Testing.Domain\ESchool.Testing.Domain.csproj", "{361EC384-63D4-49DB-9914-B7039B4BB020}"
EndProject
Project("{9A19103F-16F7-4668-BE54-9A1E7A4F7556}") = "ESchool.ClassRegister.Api", "ESchool.ClassRegister.Api\ESchool.ClassRegister.Api.csproj", "{BF063422-7CDC-48C2-BE19-9DF1F8C9A6D6}"
EndProject
Project("{9A19103F-16F7-4668-BE54-9A1E7A4F7556}") = "ESchool.ClassRegister.Domain", "ESchool.ClassRegister.Domain\ESchool.ClassRegister.Domain.csproj", "{CE05BAB2-B90F-4309-8BC2-E8E226169199}"
EndProject
Project("{9A19103F-16F7-4668-BE54-9A1E7A4F7556}") = "ESchool.HomeAssignments.Api", "ESchool.HomeAssignments.Api\ESchool.HomeAssignments.Api.csproj", "{D4728ECE-3783-4398-82D1-D71B710948F9}"
EndProject
Project("{9A19103F-16F7-4668-BE54-9A1E7A4F7556}") = "ESchool.HomeAssignments.Domain", "ESchool.HomeAssignments.Domain\ESchool.HomeAssignments.Domain.csproj", "{093E84F3-BF24-4986-AD49-7414FA257618}"
EndProject
Project("{E53339B2-1760-4266-BCC7-CA923CBCF16C}") = "docker-compose", "docker-compose.dcproj", "{BCDC48F8-A500-4994-989B-F4BE8855C6FC}"
EndProject
Project("{9A19103F-16F7-4668-BE54-9A1E7A4F7556}") = "ESchool.Libs.Application", "ESchool.Libs.Application\ESchool.Libs.Application.csproj", "{DF877F65-965D-47CB-A2EC-78C304055A5E}"
EndProject
Project("{9A19103F-16F7-4668-BE54-9A1E7A4F7556}") = "ESchool.IdentityProvider.Application", "ESchool.IdentityProvider.Application\ESchool.IdentityProvider.Application.csproj", "{0EBA806F-111F-4F3E-8480-ADE5863FEC83}"
EndProject
Project("{9A19103F-16F7-4668-BE54-9A1E7A4F7556}") = "ESchool.ClassRegister.Application", "ESchool.ClassRegister.Application\ESchool.ClassRegister.Application.csproj", "{5A989BDD-D08A-4701-BEA4-94E62F67E71E}"
EndProject
Project("{2150E333-8FDC-42A3-9474-1A3956D46DE8}") = "ApiGateway", "ApiGateway", "{FD207514-C572-4910-A26B-DE1DE3C258AB}"
	ProjectSection(FolderGlobals) = preProject
		C_5_4Users_4Peti_4source_4repos_4eschool_4ocelot_1json__JsonSchema = 
	EndProjectSection
EndProject
Project("{FAE04EC0-301F-11D3-BF4B-00C04F79EFBC}") = "ESchool.ApiGateway", "ESchool.ApiGateway\ESchool.ApiGateway.csproj", "{3AE4B390-9022-40EF-8A51-DDB6C36B7427}"
EndProject
Global
	GlobalSection(SolutionConfigurationPlatforms) = preSolution
		Debug|Any CPU = Debug|Any CPU
		Release|Any CPU = Release|Any CPU
	EndGlobalSection
	GlobalSection(ProjectConfigurationPlatforms) = postSolution
		{EC37685C-16E1-4149-A22D-BD5CF82DE978}.Debug|Any CPU.ActiveCfg = Debug|Any CPU
		{EC37685C-16E1-4149-A22D-BD5CF82DE978}.Debug|Any CPU.Build.0 = Debug|Any CPU
		{EC37685C-16E1-4149-A22D-BD5CF82DE978}.Release|Any CPU.ActiveCfg = Release|Any CPU
		{EC37685C-16E1-4149-A22D-BD5CF82DE978}.Release|Any CPU.Build.0 = Release|Any CPU
		{DD8CE1AD-A40B-4D0B-9B5D-2BEFD0D5DA3B}.Debug|Any CPU.ActiveCfg = Debug|Any CPU
		{DD8CE1AD-A40B-4D0B-9B5D-2BEFD0D5DA3B}.Debug|Any CPU.Build.0 = Debug|Any CPU
		{DD8CE1AD-A40B-4D0B-9B5D-2BEFD0D5DA3B}.Release|Any CPU.ActiveCfg = Release|Any CPU
		{DD8CE1AD-A40B-4D0B-9B5D-2BEFD0D5DA3B}.Release|Any CPU.Build.0 = Release|Any CPU
		{4F9B6893-0CA6-47FC-87CE-3E679C934421}.Debug|Any CPU.ActiveCfg = Debug|Any CPU
		{4F9B6893-0CA6-47FC-87CE-3E679C934421}.Debug|Any CPU.Build.0 = Debug|Any CPU
		{4F9B6893-0CA6-47FC-87CE-3E679C934421}.Release|Any CPU.ActiveCfg = Release|Any CPU
		{4F9B6893-0CA6-47FC-87CE-3E679C934421}.Release|Any CPU.Build.0 = Release|Any CPU
		{0F53CFD1-B99E-4C16-BDDC-65C1A15766AC}.Debug|Any CPU.ActiveCfg = Debug|Any CPU
		{0F53CFD1-B99E-4C16-BDDC-65C1A15766AC}.Debug|Any CPU.Build.0 = Debug|Any CPU
		{0F53CFD1-B99E-4C16-BDDC-65C1A15766AC}.Release|Any CPU.ActiveCfg = Release|Any CPU
		{0F53CFD1-B99E-4C16-BDDC-65C1A15766AC}.Release|Any CPU.Build.0 = Release|Any CPU
		{361EC384-63D4-49DB-9914-B7039B4BB020}.Debug|Any CPU.ActiveCfg = Debug|Any CPU
		{361EC384-63D4-49DB-9914-B7039B4BB020}.Debug|Any CPU.Build.0 = Debug|Any CPU
		{361EC384-63D4-49DB-9914-B7039B4BB020}.Release|Any CPU.ActiveCfg = Release|Any CPU
		{361EC384-63D4-49DB-9914-B7039B4BB020}.Release|Any CPU.Build.0 = Release|Any CPU
		{BF063422-7CDC-48C2-BE19-9DF1F8C9A6D6}.Debug|Any CPU.ActiveCfg = Debug|Any CPU
		{BF063422-7CDC-48C2-BE19-9DF1F8C9A6D6}.Debug|Any CPU.Build.0 = Debug|Any CPU
		{BF063422-7CDC-48C2-BE19-9DF1F8C9A6D6}.Release|Any CPU.ActiveCfg = Release|Any CPU
		{BF063422-7CDC-48C2-BE19-9DF1F8C9A6D6}.Release|Any CPU.Build.0 = Release|Any CPU
		{CE05BAB2-B90F-4309-8BC2-E8E226169199}.Debug|Any CPU.ActiveCfg = Debug|Any CPU
		{CE05BAB2-B90F-4309-8BC2-E8E226169199}.Debug|Any CPU.Build.0 = Debug|Any CPU
		{CE05BAB2-B90F-4309-8BC2-E8E226169199}.Release|Any CPU.ActiveCfg = Release|Any CPU
		{CE05BAB2-B90F-4309-8BC2-E8E226169199}.Release|Any CPU.Build.0 = Release|Any CPU
		{D4728ECE-3783-4398-82D1-D71B710948F9}.Debug|Any CPU.ActiveCfg = Debug|Any CPU
		{D4728ECE-3783-4398-82D1-D71B710948F9}.Debug|Any CPU.Build.0 = Debug|Any CPU
		{D4728ECE-3783-4398-82D1-D71B710948F9}.Release|Any CPU.ActiveCfg = Release|Any CPU
		{D4728ECE-3783-4398-82D1-D71B710948F9}.Release|Any CPU.Build.0 = Release|Any CPU
		{093E84F3-BF24-4986-AD49-7414FA257618}.Debug|Any CPU.ActiveCfg = Debug|Any CPU
		{093E84F3-BF24-4986-AD49-7414FA257618}.Debug|Any CPU.Build.0 = Debug|Any CPU
		{093E84F3-BF24-4986-AD49-7414FA257618}.Release|Any CPU.ActiveCfg = Release|Any CPU
		{093E84F3-BF24-4986-AD49-7414FA257618}.Release|Any CPU.Build.0 = Release|Any CPU
		{BCDC48F8-A500-4994-989B-F4BE8855C6FC}.Debug|Any CPU.ActiveCfg = Debug|Any CPU
		{BCDC48F8-A500-4994-989B-F4BE8855C6FC}.Debug|Any CPU.Build.0 = Debug|Any CPU
		{BCDC48F8-A500-4994-989B-F4BE8855C6FC}.Release|Any CPU.ActiveCfg = Release|Any CPU
		{BCDC48F8-A500-4994-989B-F4BE8855C6FC}.Release|Any CPU.Build.0 = Release|Any CPU
		{DF877F65-965D-47CB-A2EC-78C304055A5E}.Debug|Any CPU.ActiveCfg = Debug|Any CPU
		{DF877F65-965D-47CB-A2EC-78C304055A5E}.Debug|Any CPU.Build.0 = Debug|Any CPU
		{DF877F65-965D-47CB-A2EC-78C304055A5E}.Release|Any CPU.ActiveCfg = Release|Any CPU
		{DF877F65-965D-47CB-A2EC-78C304055A5E}.Release|Any CPU.Build.0 = Release|Any CPU
		{0EBA806F-111F-4F3E-8480-ADE5863FEC83}.Debug|Any CPU.ActiveCfg = Debug|Any CPU
		{0EBA806F-111F-4F3E-8480-ADE5863FEC83}.Debug|Any CPU.Build.0 = Debug|Any CPU
		{0EBA806F-111F-4F3E-8480-ADE5863FEC83}.Release|Any CPU.ActiveCfg = Release|Any CPU
		{0EBA806F-111F-4F3E-8480-ADE5863FEC83}.Release|Any CPU.Build.0 = Release|Any CPU
		{5A989BDD-D08A-4701-BEA4-94E62F67E71E}.Debug|Any CPU.ActiveCfg = Debug|Any CPU
		{5A989BDD-D08A-4701-BEA4-94E62F67E71E}.Debug|Any CPU.Build.0 = Debug|Any CPU
		{5A989BDD-D08A-4701-BEA4-94E62F67E71E}.Release|Any CPU.ActiveCfg = Release|Any CPU
		{5A989BDD-D08A-4701-BEA4-94E62F67E71E}.Release|Any CPU.Build.0 = Release|Any CPU
		{3AE4B390-9022-40EF-8A51-DDB6C36B7427}.Debug|Any CPU.ActiveCfg = Debug|Any CPU
		{3AE4B390-9022-40EF-8A51-DDB6C36B7427}.Debug|Any CPU.Build.0 = Debug|Any CPU
		{3AE4B390-9022-40EF-8A51-DDB6C36B7427}.Release|Any CPU.ActiveCfg = Release|Any CPU
		{3AE4B390-9022-40EF-8A51-DDB6C36B7427}.Release|Any CPU.Build.0 = Release|Any CPU
	EndGlobalSection
	GlobalSection(SolutionProperties) = preSolution
		HideSolutionNode = FALSE
	EndGlobalSection
	GlobalSection(NestedProjects) = preSolution
		{EC37685C-16E1-4149-A22D-BD5CF82DE978} = {031C7FC5-97DD-4F34-8FF1-AE98E529D946}
		{031C7FC5-97DD-4F34-8FF1-AE98E529D946} = {F3D93C43-BA77-49E3-9797-74ABAADCBA8F}
		{A74713AA-A270-4EE8-8DF2-3F1307FDA682} = {F3D93C43-BA77-49E3-9797-74ABAADCBA8F}
		{735BAEC4-588E-4F9B-8B24-0B38417474FA} = {F3D93C43-BA77-49E3-9797-74ABAADCBA8F}
		{DD8CE1AD-A40B-4D0B-9B5D-2BEFD0D5DA3B} = {031C7FC5-97DD-4F34-8FF1-AE98E529D946}
		{7CACF9E6-8A45-4203-8A92-12656463F11C} = {F3D93C43-BA77-49E3-9797-74ABAADCBA8F}
		{4F9B6893-0CA6-47FC-87CE-3E679C934421} = {056B6DD4-71E1-413B-826A-BA246E239256}
		{0F53CFD1-B99E-4C16-BDDC-65C1A15766AC} = {735BAEC4-588E-4F9B-8B24-0B38417474FA}
		{361EC384-63D4-49DB-9914-B7039B4BB020} = {735BAEC4-588E-4F9B-8B24-0B38417474FA}
		{BF063422-7CDC-48C2-BE19-9DF1F8C9A6D6} = {A74713AA-A270-4EE8-8DF2-3F1307FDA682}
		{CE05BAB2-B90F-4309-8BC2-E8E226169199} = {A74713AA-A270-4EE8-8DF2-3F1307FDA682}
		{D4728ECE-3783-4398-82D1-D71B710948F9} = {7CACF9E6-8A45-4203-8A92-12656463F11C}
		{093E84F3-BF24-4986-AD49-7414FA257618} = {7CACF9E6-8A45-4203-8A92-12656463F11C}
		{DF877F65-965D-47CB-A2EC-78C304055A5E} = {056B6DD4-71E1-413B-826A-BA246E239256}
		{0EBA806F-111F-4F3E-8480-ADE5863FEC83} = {031C7FC5-97DD-4F34-8FF1-AE98E529D946}
		{5A989BDD-D08A-4701-BEA4-94E62F67E71E} = {A74713AA-A270-4EE8-8DF2-3F1307FDA682}
		{FD207514-C572-4910-A26B-DE1DE3C258AB} = {F3D93C43-BA77-49E3-9797-74ABAADCBA8F}
		{3AE4B390-9022-40EF-8A51-DDB6C36B7427} = {FD207514-C572-4910-A26B-DE1DE3C258AB}
	EndGlobalSection
	GlobalSection(ExtensibilityGlobals) = postSolution
		SolutionGuid = {9875CB6A-B99A-41ED-94CC-54EC83726253}
	EndGlobalSection
EndGlobal
