
Microsoft Visual Studio Solution File, Format Version 12.00
# Visual Studio Version 16
VisualStudioVersion = 16.0.30804.86
MinimumVisualStudioVersion = 10.0.40219.1
Project("{2150E333-8FDC-42A3-9474-1A3956D46DE8}") = "Libs", "Libs", "{54C08D05-C5A5-4648-B88C-4ED83A585D54}"
EndProject
Project("{2150E333-8FDC-42A3-9474-1A3956D46DE8}") = "Services", "Services", "{B0B630A4-9622-4B53-8167-D900313E97A8}"
EndProject
Project("{2150E333-8FDC-42A3-9474-1A3956D46DE8}") = "Tools", "Tools", "{FEE307E9-5D30-4AB1-9745-8DFA7FE2B7FB}"
EndProject
Project("{2150E333-8FDC-42A3-9474-1A3956D46DE8}") = "ApiGateway", "ApiGateway", "{426F28BB-4092-4125-8EC2-2A382D884B3D}"
EndProject
Project("{2150E333-8FDC-42A3-9474-1A3956D46DE8}") = "ClassRegister", "ClassRegister", "{BABB3E45-E3B2-4B75-AA3A-B05D72E1BD50}"
EndProject
Project("{2150E333-8FDC-42A3-9474-1A3956D46DE8}") = "HomeAssignments", "HomeAssignments", "{AAD066A8-B6F5-4939-899B-4E0093BCE5D5}"
EndProject
Project("{2150E333-8FDC-42A3-9474-1A3956D46DE8}") = "Testing", "Testing", "{8B32FBF8-1B4B-4EAD-8AB0-1D4B7A9A760C}"
EndProject
Project("{9A19103F-16F7-4668-BE54-9A1E7A4F7556}") = "ESchool.Libs.Application", "src\libs\ESchool.Libs.Application\ESchool.Libs.Application.csproj", "{D5DC3C0D-9502-438C-9E4A-3F94C7CD88DB}"
EndProject
Project("{9A19103F-16F7-4668-BE54-9A1E7A4F7556}") = "ESchool.Libs.AspNetCore", "src\libs\ESchool.Libs.AspNetCore\ESchool.Libs.AspNetCore.csproj", "{D666B6C5-857C-4A85-80D7-8B5DDA43FE56}"
EndProject
Project("{9A19103F-16F7-4668-BE54-9A1E7A4F7556}") = "ESchool.Libs.Domain", "src\libs\ESchool.Libs.Domain\ESchool.Libs.Domain.csproj", "{8C7BD1EE-BA7F-41DB-851F-D2D70E05A775}"
EndProject
Project("{9A19103F-16F7-4668-BE54-9A1E7A4F7556}") = "ESchool.ApiGateway", "src\services\apigateway\ESchool.ApiGateway\ESchool.ApiGateway.csproj", "{4CB61CAC-08AD-4AD9-8EA0-D6F1489005A6}"
EndProject
Project("{9A19103F-16F7-4668-BE54-9A1E7A4F7556}") = "ESchool.ClassRegister.Interface", "src\services\classregister\ESchool.ClassRegister.Interface\ESchool.ClassRegister.Interface.csproj", "{88908FF8-C5F4-4A34-A87C-590F556B1683}"
EndProject
Project("{9A19103F-16F7-4668-BE54-9A1E7A4F7556}") = "ESchool.ClassRegister.Domain", "src\services\classregister\ESchool.ClassRegister.Domain\ESchool.ClassRegister.Domain.csproj", "{2575C5AE-4DD2-4F08-BD7D-D9D421356EA0}"
EndProject
Project("{9A19103F-16F7-4668-BE54-9A1E7A4F7556}") = "ESchool.ClassRegister.Application", "src\services\classregister\ESchool.ClassRegister.Application\ESchool.ClassRegister.Application.csproj", "{F98AB269-86B8-444B-9CF6-902831D109C9}"
EndProject
Project("{9A19103F-16F7-4668-BE54-9A1E7A4F7556}") = "ESchool.ClassRegister.Api", "src\services\classregister\ESchool.ClassRegister.Api\ESchool.ClassRegister.Api.csproj", "{FC662881-095A-42A6-A87C-9D38D4DF7DB5}"
EndProject
Project("{2150E333-8FDC-42A3-9474-1A3956D46DE8}") = "IdentityProvider", "IdentityProvider", "{E67B18FA-2869-4E23-BDDD-2119A69A43C0}"
EndProject
Project("{9A19103F-16F7-4668-BE54-9A1E7A4F7556}") = "ESchool.HomeAssignments.Domain", "src\services\homeassignments\ESchool.HomeAssignments.Domain\ESchool.HomeAssignments.Domain.csproj", "{4DA75CDF-BF41-4EB5-BF05-C209FB5919EF}"
EndProject
Project("{9A19103F-16F7-4668-BE54-9A1E7A4F7556}") = "ESchool.HomeAssignments.Application", "src\services\homeassignments\ESchool.HomeAssignments.Application\ESchool.HomeAssignments.Application.csproj", "{3D6509A6-0A17-452E-8449-5DE72392A016}"
EndProject
Project("{9A19103F-16F7-4668-BE54-9A1E7A4F7556}") = "ESchool.HomeAssignments.Api", "src\services\homeassignments\ESchool.HomeAssignments.Api\ESchool.HomeAssignments.Api.csproj", "{F640EEE2-8DF3-4AD5-9EFE-EE0A9719741D}"
EndProject
Project("{9A19103F-16F7-4668-BE54-9A1E7A4F7556}") = "ESchool.IdentityProvider.Interface", "src\services\identityprovider\ESchool.IdentityProvider.Interface\ESchool.IdentityProvider.Interface.csproj", "{6F263EE3-7AAB-4212-A053-A0C285FDE81E}"
EndProject
Project("{9A19103F-16F7-4668-BE54-9A1E7A4F7556}") = "ESchool.IdentityProvider.Domain", "src\services\identityprovider\ESchool.IdentityProvider.Domain\ESchool.IdentityProvider.Domain.csproj", "{85C7531D-5B33-4C53-8459-AF9A6832E22B}"
EndProject
Project("{9A19103F-16F7-4668-BE54-9A1E7A4F7556}") = "ESchool.IdentityProvider.Application", "src\services\identityprovider\ESchool.IdentityProvider.Application\ESchool.IdentityProvider.Application.csproj", "{83669272-79D9-4D43-A9A2-5CB0CAC74FB6}"
EndProject
Project("{9A19103F-16F7-4668-BE54-9A1E7A4F7556}") = "ESchool.IdentityProvider", "src\services\identityprovider\ESchool.IdentityProvider\ESchool.IdentityProvider.csproj", "{B4787498-DDAB-49A4-A5DC-D9D8436F1E89}"
EndProject
Project("{9A19103F-16F7-4668-BE54-9A1E7A4F7556}") = "ESchool.Testing.Interface", "src\services\testing\ESchool.Testing.Interface\ESchool.Testing.Interface.csproj", "{6C7FC2D4-1D8C-45EC-8F20-050131C728B5}"
EndProject
Project("{9A19103F-16F7-4668-BE54-9A1E7A4F7556}") = "ESchool.Testing.Domain", "src\services\testing\ESchool.Testing.Domain\ESchool.Testing.Domain.csproj", "{FC509E4D-CA8C-4CB0-AF6C-64F0158B5863}"
EndProject
Project("{9A19103F-16F7-4668-BE54-9A1E7A4F7556}") = "ESchool.Testing.Application", "src\services\testing\ESchool.Testing.Application\ESchool.Testing.Application.csproj", "{9E2772C7-F237-4C52-AC33-CF720C0CCB03}"
EndProject
Project("{9A19103F-16F7-4668-BE54-9A1E7A4F7556}") = "ESchool.Testing.Api", "src\services\testing\ESchool.Testing.Api\ESchool.Testing.Api.csproj", "{61F4DDFE-8F48-4D60-91EC-890F82816C44}"
EndProject
Project("{9A19103F-16F7-4668-BE54-9A1E7A4F7556}") = "ESchool.Tools.TenantLogin", "src\tools\ESchool.Tools.TenantLogin\ESchool.Tools.TenantLogin.csproj", "{A2850E7A-F44A-4FFE-8F5C-9869FDF5B820}"
EndProject
Project("{2150E333-8FDC-42A3-9474-1A3956D46DE8}") = "Docker", "Docker", "{B74216F3-9E6A-4AED-9DB3-1CE0279D6740}"
EndProject
Project("{9A19103F-16F7-4668-BE54-9A1E7A4F7556}") = "docker-compose", "docker-compose.dcproj", "{BCDC48F8-A500-4994-989B-F4BE8855C6FC}"
EndProject
Project("{2150E333-8FDC-42A3-9474-1A3956D46DE8}") = "Proto", "Proto", "{9E63BC66-0279-44B4-9385-D400A68A52E8}"
	ProjectSection(SolutionItems) = preProject
		src\proto\classregister.proto = src\proto\classregister.proto
	EndProjectSection
EndProject
Project("{9A19103F-16F7-4668-BE54-9A1E7A4F7556}") = "ESchool.Libs.Outbox", "src\libs\ESchool.Libs.Outbox\ESchool.Libs.Outbox.csproj", "{4C0B9AA6-ECA1-4680-A26C-0F24BBFAF77F}"
EndProject
Project("{9A19103F-16F7-4668-BE54-9A1E7A4F7556}") = "ESchool.Libs.Outbox.EntityFrameworkCore", "src\libs\ESchool.Libs.Outbox.EntityFrameworkCore\ESchool.Libs.Outbox.EntityFrameworkCore.csproj", "{09BF7165-C15B-4728-B883-DFEB3BB1D83F}"
EndProject
Project("{2150E333-8FDC-42A3-9474-1A3956D46DE8}") = "Outbox", "Outbox", "{A46DE01A-2F1E-47DC-AEEC-B88B0B8B8DE2}"
EndProject
Project("{9A19103F-16F7-4668-BE54-9A1E7A4F7556}") = "ESchool.Libs.Outbox.AspNetCore", "src\libs\ESchool.Libs.Outbox.AspNetCore\ESchool.Libs.Outbox.AspNetCore.csproj", "{5D5FAAF2-E9F0-48CF-ACA3-B8BE17528E51}"
EndProject
Project("{9A19103F-16F7-4668-BE54-9A1E7A4F7556}") = "ESchool.IdentityProvider.Interface.DefaultHandlers", "src\services\identityprovider\ESchool.IdentityProvider.Interface.DefaultHandlers\ESchool.IdentityProvider.Interface.DefaultHandlers.csproj", "{E73A44F7-6A2C-4534-B927-C76E068FBD0D}"
EndProject
Project("{2150E333-8FDC-42A3-9474-1A3956D46DE8}") = "Frontend", "Frontend", "{5DFE6EDF-3A6A-4B32-91DA-D927177F60BC}"
EndProject
Project("{FAE04EC0-301F-11D3-BF4B-00C04F79EFBC}") = "ESchool.Frontend", "src\frontend\ESchool.Frontend\ESchool.Frontend.csproj", "{A73CF61D-01AB-4454-B309-E2A7429CE804}"
EndProject
Global
	GlobalSection(SolutionConfigurationPlatforms) = preSolution
		Debug|Any CPU = Debug|Any CPU
		Release|Any CPU = Release|Any CPU
	EndGlobalSection
	GlobalSection(ProjectConfigurationPlatforms) = postSolution
		{D5DC3C0D-9502-438C-9E4A-3F94C7CD88DB}.Debug|Any CPU.ActiveCfg = Debug|Any CPU
		{D5DC3C0D-9502-438C-9E4A-3F94C7CD88DB}.Debug|Any CPU.Build.0 = Debug|Any CPU
		{D5DC3C0D-9502-438C-9E4A-3F94C7CD88DB}.Release|Any CPU.ActiveCfg = Release|Any CPU
		{D5DC3C0D-9502-438C-9E4A-3F94C7CD88DB}.Release|Any CPU.Build.0 = Release|Any CPU
		{D666B6C5-857C-4A85-80D7-8B5DDA43FE56}.Debug|Any CPU.ActiveCfg = Debug|Any CPU
		{D666B6C5-857C-4A85-80D7-8B5DDA43FE56}.Debug|Any CPU.Build.0 = Debug|Any CPU
		{D666B6C5-857C-4A85-80D7-8B5DDA43FE56}.Release|Any CPU.ActiveCfg = Release|Any CPU
		{D666B6C5-857C-4A85-80D7-8B5DDA43FE56}.Release|Any CPU.Build.0 = Release|Any CPU
		{8C7BD1EE-BA7F-41DB-851F-D2D70E05A775}.Debug|Any CPU.ActiveCfg = Debug|Any CPU
		{8C7BD1EE-BA7F-41DB-851F-D2D70E05A775}.Debug|Any CPU.Build.0 = Debug|Any CPU
		{8C7BD1EE-BA7F-41DB-851F-D2D70E05A775}.Release|Any CPU.ActiveCfg = Release|Any CPU
		{8C7BD1EE-BA7F-41DB-851F-D2D70E05A775}.Release|Any CPU.Build.0 = Release|Any CPU
		{4CB61CAC-08AD-4AD9-8EA0-D6F1489005A6}.Debug|Any CPU.ActiveCfg = Debug|Any CPU
		{4CB61CAC-08AD-4AD9-8EA0-D6F1489005A6}.Debug|Any CPU.Build.0 = Debug|Any CPU
		{4CB61CAC-08AD-4AD9-8EA0-D6F1489005A6}.Release|Any CPU.ActiveCfg = Release|Any CPU
		{4CB61CAC-08AD-4AD9-8EA0-D6F1489005A6}.Release|Any CPU.Build.0 = Release|Any CPU
		{88908FF8-C5F4-4A34-A87C-590F556B1683}.Debug|Any CPU.ActiveCfg = Debug|Any CPU
		{88908FF8-C5F4-4A34-A87C-590F556B1683}.Debug|Any CPU.Build.0 = Debug|Any CPU
		{88908FF8-C5F4-4A34-A87C-590F556B1683}.Release|Any CPU.ActiveCfg = Release|Any CPU
		{88908FF8-C5F4-4A34-A87C-590F556B1683}.Release|Any CPU.Build.0 = Release|Any CPU
		{2575C5AE-4DD2-4F08-BD7D-D9D421356EA0}.Debug|Any CPU.ActiveCfg = Debug|Any CPU
		{2575C5AE-4DD2-4F08-BD7D-D9D421356EA0}.Debug|Any CPU.Build.0 = Debug|Any CPU
		{2575C5AE-4DD2-4F08-BD7D-D9D421356EA0}.Release|Any CPU.ActiveCfg = Release|Any CPU
		{2575C5AE-4DD2-4F08-BD7D-D9D421356EA0}.Release|Any CPU.Build.0 = Release|Any CPU
		{F98AB269-86B8-444B-9CF6-902831D109C9}.Debug|Any CPU.ActiveCfg = Debug|Any CPU
		{F98AB269-86B8-444B-9CF6-902831D109C9}.Debug|Any CPU.Build.0 = Debug|Any CPU
		{F98AB269-86B8-444B-9CF6-902831D109C9}.Release|Any CPU.ActiveCfg = Release|Any CPU
		{F98AB269-86B8-444B-9CF6-902831D109C9}.Release|Any CPU.Build.0 = Release|Any CPU
		{FC662881-095A-42A6-A87C-9D38D4DF7DB5}.Debug|Any CPU.ActiveCfg = Debug|Any CPU
		{FC662881-095A-42A6-A87C-9D38D4DF7DB5}.Debug|Any CPU.Build.0 = Debug|Any CPU
		{FC662881-095A-42A6-A87C-9D38D4DF7DB5}.Release|Any CPU.ActiveCfg = Release|Any CPU
		{FC662881-095A-42A6-A87C-9D38D4DF7DB5}.Release|Any CPU.Build.0 = Release|Any CPU
		{4DA75CDF-BF41-4EB5-BF05-C209FB5919EF}.Debug|Any CPU.ActiveCfg = Debug|Any CPU
		{4DA75CDF-BF41-4EB5-BF05-C209FB5919EF}.Debug|Any CPU.Build.0 = Debug|Any CPU
		{4DA75CDF-BF41-4EB5-BF05-C209FB5919EF}.Release|Any CPU.ActiveCfg = Release|Any CPU
		{4DA75CDF-BF41-4EB5-BF05-C209FB5919EF}.Release|Any CPU.Build.0 = Release|Any CPU
		{3D6509A6-0A17-452E-8449-5DE72392A016}.Debug|Any CPU.ActiveCfg = Debug|Any CPU
		{3D6509A6-0A17-452E-8449-5DE72392A016}.Debug|Any CPU.Build.0 = Debug|Any CPU
		{3D6509A6-0A17-452E-8449-5DE72392A016}.Release|Any CPU.ActiveCfg = Release|Any CPU
		{3D6509A6-0A17-452E-8449-5DE72392A016}.Release|Any CPU.Build.0 = Release|Any CPU
		{F640EEE2-8DF3-4AD5-9EFE-EE0A9719741D}.Debug|Any CPU.ActiveCfg = Debug|Any CPU
		{F640EEE2-8DF3-4AD5-9EFE-EE0A9719741D}.Debug|Any CPU.Build.0 = Debug|Any CPU
		{F640EEE2-8DF3-4AD5-9EFE-EE0A9719741D}.Release|Any CPU.ActiveCfg = Release|Any CPU
		{F640EEE2-8DF3-4AD5-9EFE-EE0A9719741D}.Release|Any CPU.Build.0 = Release|Any CPU
		{6F263EE3-7AAB-4212-A053-A0C285FDE81E}.Debug|Any CPU.ActiveCfg = Debug|Any CPU
		{6F263EE3-7AAB-4212-A053-A0C285FDE81E}.Debug|Any CPU.Build.0 = Debug|Any CPU
		{6F263EE3-7AAB-4212-A053-A0C285FDE81E}.Release|Any CPU.ActiveCfg = Release|Any CPU
		{6F263EE3-7AAB-4212-A053-A0C285FDE81E}.Release|Any CPU.Build.0 = Release|Any CPU
		{85C7531D-5B33-4C53-8459-AF9A6832E22B}.Debug|Any CPU.ActiveCfg = Debug|Any CPU
		{85C7531D-5B33-4C53-8459-AF9A6832E22B}.Debug|Any CPU.Build.0 = Debug|Any CPU
		{85C7531D-5B33-4C53-8459-AF9A6832E22B}.Release|Any CPU.ActiveCfg = Release|Any CPU
		{85C7531D-5B33-4C53-8459-AF9A6832E22B}.Release|Any CPU.Build.0 = Release|Any CPU
		{83669272-79D9-4D43-A9A2-5CB0CAC74FB6}.Debug|Any CPU.ActiveCfg = Debug|Any CPU
		{83669272-79D9-4D43-A9A2-5CB0CAC74FB6}.Debug|Any CPU.Build.0 = Debug|Any CPU
		{83669272-79D9-4D43-A9A2-5CB0CAC74FB6}.Release|Any CPU.ActiveCfg = Release|Any CPU
		{83669272-79D9-4D43-A9A2-5CB0CAC74FB6}.Release|Any CPU.Build.0 = Release|Any CPU
		{B4787498-DDAB-49A4-A5DC-D9D8436F1E89}.Debug|Any CPU.ActiveCfg = Debug|Any CPU
		{B4787498-DDAB-49A4-A5DC-D9D8436F1E89}.Debug|Any CPU.Build.0 = Debug|Any CPU
		{B4787498-DDAB-49A4-A5DC-D9D8436F1E89}.Release|Any CPU.ActiveCfg = Release|Any CPU
		{B4787498-DDAB-49A4-A5DC-D9D8436F1E89}.Release|Any CPU.Build.0 = Release|Any CPU
		{6C7FC2D4-1D8C-45EC-8F20-050131C728B5}.Debug|Any CPU.ActiveCfg = Debug|Any CPU
		{6C7FC2D4-1D8C-45EC-8F20-050131C728B5}.Debug|Any CPU.Build.0 = Debug|Any CPU
		{6C7FC2D4-1D8C-45EC-8F20-050131C728B5}.Release|Any CPU.ActiveCfg = Release|Any CPU
		{6C7FC2D4-1D8C-45EC-8F20-050131C728B5}.Release|Any CPU.Build.0 = Release|Any CPU
		{FC509E4D-CA8C-4CB0-AF6C-64F0158B5863}.Debug|Any CPU.ActiveCfg = Debug|Any CPU
		{FC509E4D-CA8C-4CB0-AF6C-64F0158B5863}.Debug|Any CPU.Build.0 = Debug|Any CPU
		{FC509E4D-CA8C-4CB0-AF6C-64F0158B5863}.Release|Any CPU.ActiveCfg = Release|Any CPU
		{FC509E4D-CA8C-4CB0-AF6C-64F0158B5863}.Release|Any CPU.Build.0 = Release|Any CPU
		{9E2772C7-F237-4C52-AC33-CF720C0CCB03}.Debug|Any CPU.ActiveCfg = Debug|Any CPU
		{9E2772C7-F237-4C52-AC33-CF720C0CCB03}.Debug|Any CPU.Build.0 = Debug|Any CPU
		{9E2772C7-F237-4C52-AC33-CF720C0CCB03}.Release|Any CPU.ActiveCfg = Release|Any CPU
		{9E2772C7-F237-4C52-AC33-CF720C0CCB03}.Release|Any CPU.Build.0 = Release|Any CPU
		{61F4DDFE-8F48-4D60-91EC-890F82816C44}.Debug|Any CPU.ActiveCfg = Debug|Any CPU
		{61F4DDFE-8F48-4D60-91EC-890F82816C44}.Debug|Any CPU.Build.0 = Debug|Any CPU
		{61F4DDFE-8F48-4D60-91EC-890F82816C44}.Release|Any CPU.ActiveCfg = Release|Any CPU
		{61F4DDFE-8F48-4D60-91EC-890F82816C44}.Release|Any CPU.Build.0 = Release|Any CPU
		{A2850E7A-F44A-4FFE-8F5C-9869FDF5B820}.Debug|Any CPU.ActiveCfg = Debug|Any CPU
		{A2850E7A-F44A-4FFE-8F5C-9869FDF5B820}.Debug|Any CPU.Build.0 = Debug|Any CPU
		{A2850E7A-F44A-4FFE-8F5C-9869FDF5B820}.Release|Any CPU.ActiveCfg = Release|Any CPU
		{A2850E7A-F44A-4FFE-8F5C-9869FDF5B820}.Release|Any CPU.Build.0 = Release|Any CPU
		{BCDC48F8-A500-4994-989B-F4BE8855C6FC}.Debug|Any CPU.ActiveCfg = Debug|Any CPU
		{BCDC48F8-A500-4994-989B-F4BE8855C6FC}.Debug|Any CPU.Build.0 = Debug|Any CPU
		{BCDC48F8-A500-4994-989B-F4BE8855C6FC}.Release|Any CPU.ActiveCfg = Debug|Any CPU
		{BCDC48F8-A500-4994-989B-F4BE8855C6FC}.Release|Any CPU.Build.0 = Debug|Any CPU
		{4C0B9AA6-ECA1-4680-A26C-0F24BBFAF77F}.Debug|Any CPU.ActiveCfg = Debug|Any CPU
		{4C0B9AA6-ECA1-4680-A26C-0F24BBFAF77F}.Debug|Any CPU.Build.0 = Debug|Any CPU
		{4C0B9AA6-ECA1-4680-A26C-0F24BBFAF77F}.Release|Any CPU.ActiveCfg = Release|Any CPU
		{4C0B9AA6-ECA1-4680-A26C-0F24BBFAF77F}.Release|Any CPU.Build.0 = Release|Any CPU
		{09BF7165-C15B-4728-B883-DFEB3BB1D83F}.Debug|Any CPU.ActiveCfg = Debug|Any CPU
		{09BF7165-C15B-4728-B883-DFEB3BB1D83F}.Debug|Any CPU.Build.0 = Debug|Any CPU
		{09BF7165-C15B-4728-B883-DFEB3BB1D83F}.Release|Any CPU.ActiveCfg = Release|Any CPU
		{09BF7165-C15B-4728-B883-DFEB3BB1D83F}.Release|Any CPU.Build.0 = Release|Any CPU
		{5D5FAAF2-E9F0-48CF-ACA3-B8BE17528E51}.Debug|Any CPU.ActiveCfg = Debug|Any CPU
		{5D5FAAF2-E9F0-48CF-ACA3-B8BE17528E51}.Debug|Any CPU.Build.0 = Debug|Any CPU
		{5D5FAAF2-E9F0-48CF-ACA3-B8BE17528E51}.Release|Any CPU.ActiveCfg = Release|Any CPU
		{5D5FAAF2-E9F0-48CF-ACA3-B8BE17528E51}.Release|Any CPU.Build.0 = Release|Any CPU
		{E73A44F7-6A2C-4534-B927-C76E068FBD0D}.Debug|Any CPU.ActiveCfg = Debug|Any CPU
		{E73A44F7-6A2C-4534-B927-C76E068FBD0D}.Debug|Any CPU.Build.0 = Debug|Any CPU
		{E73A44F7-6A2C-4534-B927-C76E068FBD0D}.Release|Any CPU.ActiveCfg = Release|Any CPU
		{E73A44F7-6A2C-4534-B927-C76E068FBD0D}.Release|Any CPU.Build.0 = Release|Any CPU
		{A73CF61D-01AB-4454-B309-E2A7429CE804}.Debug|Any CPU.ActiveCfg = Debug|Any CPU
		{A73CF61D-01AB-4454-B309-E2A7429CE804}.Debug|Any CPU.Build.0 = Debug|Any CPU
		{A73CF61D-01AB-4454-B309-E2A7429CE804}.Release|Any CPU.ActiveCfg = Release|Any CPU
		{A73CF61D-01AB-4454-B309-E2A7429CE804}.Release|Any CPU.Build.0 = Release|Any CPU
	EndGlobalSection
	GlobalSection(SolutionProperties) = preSolution
		HideSolutionNode = FALSE
	EndGlobalSection
	GlobalSection(NestedProjects) = preSolution
		{426F28BB-4092-4125-8EC2-2A382D884B3D} = {B0B630A4-9622-4B53-8167-D900313E97A8}
		{BABB3E45-E3B2-4B75-AA3A-B05D72E1BD50} = {B0B630A4-9622-4B53-8167-D900313E97A8}
		{AAD066A8-B6F5-4939-899B-4E0093BCE5D5} = {B0B630A4-9622-4B53-8167-D900313E97A8}
		{8B32FBF8-1B4B-4EAD-8AB0-1D4B7A9A760C} = {B0B630A4-9622-4B53-8167-D900313E97A8}
		{D5DC3C0D-9502-438C-9E4A-3F94C7CD88DB} = {54C08D05-C5A5-4648-B88C-4ED83A585D54}
		{D666B6C5-857C-4A85-80D7-8B5DDA43FE56} = {54C08D05-C5A5-4648-B88C-4ED83A585D54}
		{8C7BD1EE-BA7F-41DB-851F-D2D70E05A775} = {54C08D05-C5A5-4648-B88C-4ED83A585D54}
		{4CB61CAC-08AD-4AD9-8EA0-D6F1489005A6} = {426F28BB-4092-4125-8EC2-2A382D884B3D}
		{88908FF8-C5F4-4A34-A87C-590F556B1683} = {BABB3E45-E3B2-4B75-AA3A-B05D72E1BD50}
		{2575C5AE-4DD2-4F08-BD7D-D9D421356EA0} = {BABB3E45-E3B2-4B75-AA3A-B05D72E1BD50}
		{F98AB269-86B8-444B-9CF6-902831D109C9} = {BABB3E45-E3B2-4B75-AA3A-B05D72E1BD50}
		{FC662881-095A-42A6-A87C-9D38D4DF7DB5} = {BABB3E45-E3B2-4B75-AA3A-B05D72E1BD50}
		{E67B18FA-2869-4E23-BDDD-2119A69A43C0} = {B0B630A4-9622-4B53-8167-D900313E97A8}
		{4DA75CDF-BF41-4EB5-BF05-C209FB5919EF} = {AAD066A8-B6F5-4939-899B-4E0093BCE5D5}
		{3D6509A6-0A17-452E-8449-5DE72392A016} = {AAD066A8-B6F5-4939-899B-4E0093BCE5D5}
		{F640EEE2-8DF3-4AD5-9EFE-EE0A9719741D} = {AAD066A8-B6F5-4939-899B-4E0093BCE5D5}
		{6F263EE3-7AAB-4212-A053-A0C285FDE81E} = {E67B18FA-2869-4E23-BDDD-2119A69A43C0}
		{85C7531D-5B33-4C53-8459-AF9A6832E22B} = {E67B18FA-2869-4E23-BDDD-2119A69A43C0}
		{83669272-79D9-4D43-A9A2-5CB0CAC74FB6} = {E67B18FA-2869-4E23-BDDD-2119A69A43C0}
		{B4787498-DDAB-49A4-A5DC-D9D8436F1E89} = {E67B18FA-2869-4E23-BDDD-2119A69A43C0}
		{6C7FC2D4-1D8C-45EC-8F20-050131C728B5} = {8B32FBF8-1B4B-4EAD-8AB0-1D4B7A9A760C}
		{FC509E4D-CA8C-4CB0-AF6C-64F0158B5863} = {8B32FBF8-1B4B-4EAD-8AB0-1D4B7A9A760C}
		{9E2772C7-F237-4C52-AC33-CF720C0CCB03} = {8B32FBF8-1B4B-4EAD-8AB0-1D4B7A9A760C}
		{61F4DDFE-8F48-4D60-91EC-890F82816C44} = {8B32FBF8-1B4B-4EAD-8AB0-1D4B7A9A760C}
		{A2850E7A-F44A-4FFE-8F5C-9869FDF5B820} = {FEE307E9-5D30-4AB1-9745-8DFA7FE2B7FB}
		{BCDC48F8-A500-4994-989B-F4BE8855C6FC} = {B74216F3-9E6A-4AED-9DB3-1CE0279D6740}
		{4C0B9AA6-ECA1-4680-A26C-0F24BBFAF77F} = {A46DE01A-2F1E-47DC-AEEC-B88B0B8B8DE2}
		{09BF7165-C15B-4728-B883-DFEB3BB1D83F} = {A46DE01A-2F1E-47DC-AEEC-B88B0B8B8DE2}
		{A46DE01A-2F1E-47DC-AEEC-B88B0B8B8DE2} = {54C08D05-C5A5-4648-B88C-4ED83A585D54}
		{5D5FAAF2-E9F0-48CF-ACA3-B8BE17528E51} = {A46DE01A-2F1E-47DC-AEEC-B88B0B8B8DE2}
		{E73A44F7-6A2C-4534-B927-C76E068FBD0D} = {E67B18FA-2869-4E23-BDDD-2119A69A43C0}
		{A73CF61D-01AB-4454-B309-E2A7429CE804} = {5DFE6EDF-3A6A-4B32-91DA-D927177F60BC}
	EndGlobalSection
	GlobalSection(ExtensibilityGlobals) = postSolution
		SolutionGuid = {D5D13E06-9FD1-44A0-A672-81531FDB9F6F}
	EndGlobalSection
EndGlobal
